
Microsoft Visual Studio Solution File, Format Version 12.00
# Visual Studio Version 17
VisualStudioVersion = 17.9.34622.214
MinimumVisualStudioVersion = 10.0.40219.1
Project("{FAE04EC0-301F-11D3-BF4B-00C04F79EFBC}") = "ChatClient", "ChatClient\ChatClient.csproj", "{A0C47700-AFD7-42E2-971F-CC44C6BC5827}"
EndProject
Project("{FAE04EC0-301F-11D3-BF4B-00C04F79EFBC}") = "ChatServer", "ChatServer\ChatServer.csproj", "{C9F1A10A-2060-4986-BFFE-E0C4DF484892}"
EndProject
Global
	GlobalSection(SolutionConfigurationPlatforms) = preSolution
		Debug|Any CPU = Debug|Any CPU
		Release|Any CPU = Release|Any CPU
	EndGlobalSection
	GlobalSection(ProjectConfigurationPlatforms) = postSolution
		{A0C47700-AFD7-42E2-971F-CC44C6BC5827}.Debug|Any CPU.ActiveCfg = Debug|Any CPU
		{A0C47700-AFD7-42E2-971F-CC44C6BC5827}.Debug|Any CPU.Build.0 = Debug|Any CPU
		{A0C47700-AFD7-42E2-971F-CC44C6BC5827}.Release|Any CPU.ActiveCfg = Release|Any CPU
		{A0C47700-AFD7-42E2-971F-CC44C6BC5827}.Release|Any CPU.Build.0 = Release|Any CPU
		{C9F1A10A-2060-4986-BFFE-E0C4DF484892}.Debug|Any CPU.ActiveCfg = Debug|Any CPU
		{C9F1A10A-2060-4986-BFFE-E0C4DF484892}.Debug|Any CPU.Build.0 = Debug|Any CPU
		{C9F1A10A-2060-4986-BFFE-E0C4DF484892}.Release|Any CPU.ActiveCfg = Release|Any CPU
		{C9F1A10A-2060-4986-BFFE-E0C4DF484892}.Release|Any CPU.Build.0 = Release|Any CPU
	EndGlobalSection
	GlobalSection(SolutionProperties) = preSolution
		HideSolutionNode = FALSE
	EndGlobalSection
	GlobalSection(ExtensibilityGlobals) = postSolution
		SolutionGuid = {6BA457E5-171D-4794-B85E-082A39EA6946}
	EndGlobalSection
EndGlobal
